
Microsoft Visual Studio Solution File, Format Version 12.00
# Visual Studio Version 16
VisualStudioVersion = 16.0.30621.155
MinimumVisualStudioVersion = 10.0.40219.1
Project("{FAE04EC0-301F-11D3-BF4B-00C04F79EFBC}") = "PoseEstimationUI", "PoseEstimationUI\PoseEstimationUI.csproj", "{9E83C43A-E297-4E33-A8C9-EFB7D7AA9741}"
EndProject
Global
	GlobalSection(SolutionConfigurationPlatforms) = preSolution
		Debug|Any CPU = Debug|Any CPU
		Release|Any CPU = Release|Any CPU
	EndGlobalSection
	GlobalSection(ProjectConfigurationPlatforms) = postSolution
		{9E83C43A-E297-4E33-A8C9-EFB7D7AA9741}.Debug|Any CPU.ActiveCfg = Debug|Any CPU
		{9E83C43A-E297-4E33-A8C9-EFB7D7AA9741}.Debug|Any CPU.Build.0 = Debug|Any CPU
		{9E83C43A-E297-4E33-A8C9-EFB7D7AA9741}.Release|Any CPU.ActiveCfg = Release|Any CPU
		{9E83C43A-E297-4E33-A8C9-EFB7D7AA9741}.Release|Any CPU.Build.0 = Release|Any CPU
	EndGlobalSection
	GlobalSection(SolutionProperties) = preSolution
		HideSolutionNode = FALSE
	EndGlobalSection
	GlobalSection(ExtensibilityGlobals) = postSolution
		SolutionGuid = {4B5FF677-86BD-4E34-A5DB-784B8BDD63AF}
	EndGlobalSection
EndGlobal
